
Microsoft Visual Studio Solution File, Format Version 12.00
# Visual Studio Version 17
VisualStudioVersion = 17.5.002.0
MinimumVisualStudioVersion = 10.0.40219.1
Project("{2150E333-8FDC-42A3-9474-1A3956D46DE8}") = "sandbox", "sandbox", "{D706BBA6-68C5-4455-966A-5FF9EB4F16EE}"
EndProject
Project("{9A19103F-16F7-4668-BE54-9A1E7A4F7556}") = "sandbox_project", "sandbox\sandbox_project\sandbox_project.csproj", "{10EF1D97-8B64-4078-8791-5263DA7A9622}"
EndProject
Project("{2150E333-8FDC-42A3-9474-1A3956D46DE8}") = "week01", "week01", "{60E8CE47-6DEB-42D0-BB2A-6E11445248BA}"
EndProject
Project("{9A19103F-16F7-4668-BE54-9A1E7A4F7556}") = "analyze", "week01\analyze\analyze.csproj", "{A2BE4E8A-1E94-4055-9AF9-6D8E32AD7889}"
EndProject
Project("{9A19103F-16F7-4668-BE54-9A1E7A4F7556}") = "code", "week01\code\code.csproj", "{05B95DFE-B046-4E28-8528-B2D40880E226}"
EndProject
Project("{9A19103F-16F7-4668-BE54-9A1E7A4F7556}") = "teach", "week01\teach\teach.csproj", "{5FC83CDC-DFF6-4830-9D7D-0BF72822C9CD}"
EndProject
Project("{2150E333-8FDC-42A3-9474-1A3956D46DE8}") = "week02", "week02", "{20DF14B2-9943-4AD8-88B6-3E08D66D8E71}"
EndProject
Project("{9A19103F-16F7-4668-BE54-9A1E7A4F7556}") = "analyze", "week02\analyze\analyze.csproj", "{B872856A-B537-4C49-B4E2-5694D50E03E8}"
EndProject
Project("{9A19103F-16F7-4668-BE54-9A1E7A4F7556}") = "code", "week02\code\code.csproj", "{BC54B0E9-73CF-44A8-8310-2E6039F0ABD0}"
EndProject
Project("{9A19103F-16F7-4668-BE54-9A1E7A4F7556}") = "learn", "week02\learn\learn.csproj", "{D55969EE-3E9B-45C8-8E64-1FCC0ED84F8C}"
EndProject
Project("{9A19103F-16F7-4668-BE54-9A1E7A4F7556}") = "teach", "week02\teach\teach.csproj", "{27878281-17B6-425B-A96D-F63CDEECF217}"
EndProject
Project("{2150E333-8FDC-42A3-9474-1A3956D46DE8}") = "week03", "week03", "{DF4E9F71-432E-4335-8DAA-0187E9A6DE87}"
EndProject
Project("{9A19103F-16F7-4668-BE54-9A1E7A4F7556}") = "code", "week03\code\code.csproj", "{C7403E99-374D-4524-8658-1841B06857AA}"
EndProject
Project("{9A19103F-16F7-4668-BE54-9A1E7A4F7556}") = "learn", "week03\learn\learn.csproj", "{408F7CB3-1451-4EE1-B69A-225CA039D11E}"
EndProject
Project("{9A19103F-16F7-4668-BE54-9A1E7A4F7556}") = "teach", "week03\teach\teach.csproj", "{1D1233E7-9496-44F9-959E-A86E0A3C2035}"
EndProject
Project("{2150E333-8FDC-42A3-9474-1A3956D46DE8}") = "week04", "week04", "{F9E29A4E-8FAF-45B4-9D86-4877C335566E}"
EndProject
Project("{9A19103F-16F7-4668-BE54-9A1E7A4F7556}") = "code", "week04\code\code.csproj", "{961236CE-1E49-4964-B3EB-2928FE47B9F2}"
EndProject
Project("{2150E333-8FDC-42A3-9474-1A3956D46DE8}") = "week05", "week05", "{AF26D12F-EBEE-46C3-AA59-EDC604E2B33E}"
EndProject
Project("{9A19103F-16F7-4668-BE54-9A1E7A4F7556}") = "code", "week05\code\code.csproj", "{835DB167-3A2A-4CB0-A02E-5E5E21F33B33}"
EndProject
Project("{2150E333-8FDC-42A3-9474-1A3956D46DE8}") = "week06", "week06", "{2E5A237C-EAC7-478C-9161-6A6E9855EC7D}"
EndProject
Project("{9A19103F-16F7-4668-BE54-9A1E7A4F7556}") = "code", "week06\code\code.csproj", "{F2A35FC0-3EE0-41C8-AFCC-6EDD7A662088}"
EndProject
Global
	GlobalSection(SolutionConfigurationPlatforms) = preSolution
		Debug|Any CPU = Debug|Any CPU
		Release|Any CPU = Release|Any CPU
	EndGlobalSection
	GlobalSection(ProjectConfigurationPlatforms) = postSolution
		{10EF1D97-8B64-4078-8791-5263DA7A9622}.Debug|Any CPU.ActiveCfg = Debug|Any CPU
		{10EF1D97-8B64-4078-8791-5263DA7A9622}.Debug|Any CPU.Build.0 = Debug|Any CPU
		{10EF1D97-8B64-4078-8791-5263DA7A9622}.Release|Any CPU.ActiveCfg = Release|Any CPU
		{10EF1D97-8B64-4078-8791-5263DA7A9622}.Release|Any CPU.Build.0 = Release|Any CPU
		{A2BE4E8A-1E94-4055-9AF9-6D8E32AD7889}.Debug|Any CPU.ActiveCfg = Debug|Any CPU
		{A2BE4E8A-1E94-4055-9AF9-6D8E32AD7889}.Debug|Any CPU.Build.0 = Debug|Any CPU
		{A2BE4E8A-1E94-4055-9AF9-6D8E32AD7889}.Release|Any CPU.ActiveCfg = Release|Any CPU
		{A2BE4E8A-1E94-4055-9AF9-6D8E32AD7889}.Release|Any CPU.Build.0 = Release|Any CPU
		{05B95DFE-B046-4E28-8528-B2D40880E226}.Debug|Any CPU.ActiveCfg = Debug|Any CPU
		{05B95DFE-B046-4E28-8528-B2D40880E226}.Debug|Any CPU.Build.0 = Debug|Any CPU
		{05B95DFE-B046-4E28-8528-B2D40880E226}.Release|Any CPU.ActiveCfg = Release|Any CPU
		{05B95DFE-B046-4E28-8528-B2D40880E226}.Release|Any CPU.Build.0 = Release|Any CPU
		{5FC83CDC-DFF6-4830-9D7D-0BF72822C9CD}.Debug|Any CPU.ActiveCfg = Debug|Any CPU
		{5FC83CDC-DFF6-4830-9D7D-0BF72822C9CD}.Debug|Any CPU.Build.0 = Debug|Any CPU
		{5FC83CDC-DFF6-4830-9D7D-0BF72822C9CD}.Release|Any CPU.ActiveCfg = Release|Any CPU
		{5FC83CDC-DFF6-4830-9D7D-0BF72822C9CD}.Release|Any CPU.Build.0 = Release|Any CPU
		{B872856A-B537-4C49-B4E2-5694D50E03E8}.Debug|Any CPU.ActiveCfg = Debug|Any CPU
		{B872856A-B537-4C49-B4E2-5694D50E03E8}.Debug|Any CPU.Build.0 = Debug|Any CPU
		{B872856A-B537-4C49-B4E2-5694D50E03E8}.Release|Any CPU.ActiveCfg = Release|Any CPU
		{B872856A-B537-4C49-B4E2-5694D50E03E8}.Release|Any CPU.Build.0 = Release|Any CPU
		{BC54B0E9-73CF-44A8-8310-2E6039F0ABD0}.Debug|Any CPU.ActiveCfg = Debug|Any CPU
		{BC54B0E9-73CF-44A8-8310-2E6039F0ABD0}.Debug|Any CPU.Build.0 = Debug|Any CPU
		{BC54B0E9-73CF-44A8-8310-2E6039F0ABD0}.Release|Any CPU.ActiveCfg = Release|Any CPU
		{BC54B0E9-73CF-44A8-8310-2E6039F0ABD0}.Release|Any CPU.Build.0 = Release|Any CPU
		{D55969EE-3E9B-45C8-8E64-1FCC0ED84F8C}.Debug|Any CPU.ActiveCfg = Debug|Any CPU
		{D55969EE-3E9B-45C8-8E64-1FCC0ED84F8C}.Debug|Any CPU.Build.0 = Debug|Any CPU
		{D55969EE-3E9B-45C8-8E64-1FCC0ED84F8C}.Release|Any CPU.ActiveCfg = Release|Any CPU
		{D55969EE-3E9B-45C8-8E64-1FCC0ED84F8C}.Release|Any CPU.Build.0 = Release|Any CPU
		{27878281-17B6-425B-A96D-F63CDEECF217}.Debug|Any CPU.ActiveCfg = Debug|Any CPU
		{27878281-17B6-425B-A96D-F63CDEECF217}.Debug|Any CPU.Build.0 = Debug|Any CPU
		{27878281-17B6-425B-A96D-F63CDEECF217}.Release|Any CPU.ActiveCfg = Release|Any CPU
		{27878281-17B6-425B-A96D-F63CDEECF217}.Release|Any CPU.Build.0 = Release|Any CPU
		{C7403E99-374D-4524-8658-1841B06857AA}.Debug|Any CPU.ActiveCfg = Debug|Any CPU
		{C7403E99-374D-4524-8658-1841B06857AA}.Debug|Any CPU.Build.0 = Debug|Any CPU
		{C7403E99-374D-4524-8658-1841B06857AA}.Release|Any CPU.ActiveCfg = Release|Any CPU
		{C7403E99-374D-4524-8658-1841B06857AA}.Release|Any CPU.Build.0 = Release|Any CPU
		{408F7CB3-1451-4EE1-B69A-225CA039D11E}.Debug|Any CPU.ActiveCfg = Debug|Any CPU
		{408F7CB3-1451-4EE1-B69A-225CA039D11E}.Debug|Any CPU.Build.0 = Debug|Any CPU
		{408F7CB3-1451-4EE1-B69A-225CA039D11E}.Release|Any CPU.ActiveCfg = Release|Any CPU
		{408F7CB3-1451-4EE1-B69A-225CA039D11E}.Release|Any CPU.Build.0 = Release|Any CPU
		{1D1233E7-9496-44F9-959E-A86E0A3C2035}.Debug|Any CPU.ActiveCfg = Debug|Any CPU
		{1D1233E7-9496-44F9-959E-A86E0A3C2035}.Debug|Any CPU.Build.0 = Debug|Any CPU
		{1D1233E7-9496-44F9-959E-A86E0A3C2035}.Release|Any CPU.ActiveCfg = Release|Any CPU
		{1D1233E7-9496-44F9-959E-A86E0A3C2035}.Release|Any CPU.Build.0 = Release|Any CPU
		{961236CE-1E49-4964-B3EB-2928FE47B9F2}.Debug|Any CPU.ActiveCfg = Debug|Any CPU
		{961236CE-1E49-4964-B3EB-2928FE47B9F2}.Debug|Any CPU.Build.0 = Debug|Any CPU
		{961236CE-1E49-4964-B3EB-2928FE47B9F2}.Release|Any CPU.ActiveCfg = Release|Any CPU
		{961236CE-1E49-4964-B3EB-2928FE47B9F2}.Release|Any CPU.Build.0 = Release|Any CPU
		{835DB167-3A2A-4CB0-A02E-5E5E21F33B33}.Debug|Any CPU.ActiveCfg = Debug|Any CPU
		{835DB167-3A2A-4CB0-A02E-5E5E21F33B33}.Debug|Any CPU.Build.0 = Debug|Any CPU
		{835DB167-3A2A-4CB0-A02E-5E5E21F33B33}.Release|Any CPU.ActiveCfg = Release|Any CPU
		{835DB167-3A2A-4CB0-A02E-5E5E21F33B33}.Release|Any CPU.Build.0 = Release|Any CPU
		{F2A35FC0-3EE0-41C8-AFCC-6EDD7A662088}.Debug|Any CPU.ActiveCfg = Debug|Any CPU
		{F2A35FC0-3EE0-41C8-AFCC-6EDD7A662088}.Debug|Any CPU.Build.0 = Debug|Any CPU
		{F2A35FC0-3EE0-41C8-AFCC-6EDD7A662088}.Release|Any CPU.ActiveCfg = Release|Any CPU
		{F2A35FC0-3EE0-41C8-AFCC-6EDD7A662088}.Release|Any CPU.Build.0 = Release|Any CPU
	EndGlobalSection
	GlobalSection(SolutionProperties) = preSolution
		HideSolutionNode = FALSE
	EndGlobalSection
	GlobalSection(NestedProjects) = preSolution
		{10EF1D97-8B64-4078-8791-5263DA7A9622} = {D706BBA6-68C5-4455-966A-5FF9EB4F16EE}
		{A2BE4E8A-1E94-4055-9AF9-6D8E32AD7889} = {60E8CE47-6DEB-42D0-BB2A-6E11445248BA}
		{05B95DFE-B046-4E28-8528-B2D40880E226} = {60E8CE47-6DEB-42D0-BB2A-6E11445248BA}
		{5FC83CDC-DFF6-4830-9D7D-0BF72822C9CD} = {60E8CE47-6DEB-42D0-BB2A-6E11445248BA}
		{B872856A-B537-4C49-B4E2-5694D50E03E8} = {20DF14B2-9943-4AD8-88B6-3E08D66D8E71}
		{BC54B0E9-73CF-44A8-8310-2E6039F0ABD0} = {20DF14B2-9943-4AD8-88B6-3E08D66D8E71}
		{D55969EE-3E9B-45C8-8E64-1FCC0ED84F8C} = {20DF14B2-9943-4AD8-88B6-3E08D66D8E71}
		{27878281-17B6-425B-A96D-F63CDEECF217} = {20DF14B2-9943-4AD8-88B6-3E08D66D8E71}
		{C7403E99-374D-4524-8658-1841B06857AA} = {DF4E9F71-432E-4335-8DAA-0187E9A6DE87}
		{408F7CB3-1451-4EE1-B69A-225CA039D11E} = {DF4E9F71-432E-4335-8DAA-0187E9A6DE87}
		{1D1233E7-9496-44F9-959E-A86E0A3C2035} = {DF4E9F71-432E-4335-8DAA-0187E9A6DE87}
		{961236CE-1E49-4964-B3EB-2928FE47B9F2} = {F9E29A4E-8FAF-45B4-9D86-4877C335566E}
		{835DB167-3A2A-4CB0-A02E-5E5E21F33B33} = {AF26D12F-EBEE-46C3-AA59-EDC604E2B33E}
		{F2A35FC0-3EE0-41C8-AFCC-6EDD7A662088} = {2E5A237C-EAC7-478C-9161-6A6E9855EC7D}
	EndGlobalSection
	GlobalSection(ExtensibilityGlobals) = postSolution
		SolutionGuid = {F9D8B56E-792C-4BD1-B49C-9BFB6F818ABE}
	EndGlobalSection
EndGlobal
